{
  "version": 4,
  "terraform_version": "1.1.3",
  "serial": 11,
  "lineage": "05faee1a-5949-75a4-0b44-dc40fc82351d",
  "outputs": {
    "iam_role_name": {
      "value": "userServiceRoleec2uMGwN",
      "type": "string"
    },
    "instance_profile_name": {
      "value": "userServiceRoleInstanceProfiletobaa",
      "type": "string"
    },
    "launch_configuration_name": {
      "value": "AzureAgentLCgowQx",
      "type": "string"
    },
    "sg_id": {
      "value": "sg-0432fe3ef161c6912",
      "type": "string"
    }
  },
  "resources": [
    {
      "module": "module.ec2_autoscaling_group",
      "mode": "managed",
      "type": "aws_autoscaling_group",
      "name": "ec2_asg",
      "provider": "provider[\"registry.terraform.io/hashicorp/aws\"]",
      "instances": [
        {
          "schema_version": 0,
          "attributes": {
            "arn": "arn:aws:autoscaling:ap-southeast-1:714110084624:autoScalingGroup:c125d7ae-7cb8-4638-867e-b710ae8af745:autoScalingGroupName/AzureAgentAsgobiXv",
            "availability_zones": [
              "ap-southeast-1b"
            ],
            "capacity_rebalance": false,
            "default_cooldown": 300,
            "desired_capacity": 1,
            "enabled_metrics": null,
            "force_delete": false,
            "force_delete_warm_pool": false,
            "health_check_grace_period": 300,
            "health_check_type": "EC2",
            "id": "AzureAgentAsgobiXv",
            "initial_lifecycle_hook": [],
            "instance_refresh": [],
            "launch_configuration": "AzureAgentLCgowQx",
            "launch_template": [],
            "load_balancers": null,
            "max_instance_lifetime": 0,
            "max_size": 2,
            "metrics_granularity": "1Minute",
            "min_elb_capacity": null,
            "min_size": 1,
            "mixed_instances_policy": [],
            "name": "AzureAgentAsgobiXv",
            "name_prefix": "",
            "placement_group": "",
            "protect_from_scale_in": false,
            "service_linked_role_arn": "arn:aws:iam::714110084624:role/aws-service-role/autoscaling.amazonaws.com/AWSServiceRoleForAutoScaling",
            "suspended_processes": null,
            "tag": [
              {
                "key": "Name",
                "propagate_at_launch": true,
                "value": "Azure-Agent"
              }
            ],
            "tags": null,
            "target_group_arns": null,
            "termination_policies": null,
            "timeouts": null,
            "vpc_zone_identifier": [
              "subnet-0fa001a02b2f7264c"
            ],
            "wait_for_capacity_timeout": "10m",
            "wait_for_elb_capacity": null,
            "warm_pool": []
          },
          "sensitive_attributes": [],
          "private": "eyJlMmJmYjczMC1lY2FhLTExZTYtOGY4OC0zNDM2M2JjN2M0YzAiOnsiZGVsZXRlIjo2MDAwMDAwMDAwMDB9fQ==",
          "dependencies": [
            "module.ec2_autoscaling_group.random_string.random_str",
            "module.ec2_launch_configuration.aws_launch_configuration.launch_configuration",
            "module.ec2_launch_configuration.data.aws_ami.amazon2_linux_ami",
            "module.ec2_launch_configuration.data.template_file.ec2_user_data",
            "module.ec2_launch_configuration.random_string.random_str",
            "module.ec2_security_group.aws_security_group.security_group",
            "module.ec2_security_group.random_string.random_str",
            "module.iam_role.aws_iam_role.iam_role",
            "module.iam_role.random_string.random_str",
            "module.instance_profile.aws_iam_instance_profile.instance_profile",
            "module.instance_profile.random_string.random_str"
          ]
        }
      ]
    },
    {
      "module": "module.ec2_autoscaling_group",
      "mode": "managed",
      "type": "random_string",
      "name": "random_str",
      "provider": "provider[\"registry.terraform.io/hashicorp/random\"]",
      "instances": [
        {
          "schema_version": 1,
          "attributes": {
            "id": "obiXv",
            "keepers": null,
            "length": 5,
            "lower": true,
            "min_lower": 0,
            "min_numeric": 0,
            "min_special": 0,
            "min_upper": 0,
            "number": false,
            "override_special": null,
            "result": "obiXv",
            "special": false,
            "upper": true
          },
          "sensitive_attributes": [],
          "private": "eyJzY2hlbWFfdmVyc2lvbiI6IjEifQ=="
        }
      ]
    },
    {
      "module": "module.ec2_launch_configuration",
      "mode": "data",
      "type": "aws_ami",
      "name": "amazon2_linux_ami",
      "provider": "provider[\"registry.terraform.io/hashicorp/aws\"]",
      "instances": [
        {
          "schema_version": 0,
          "attributes": {
            "architecture": "x86_64",
            "arn": "arn:aws:ec2:ap-southeast-1::image/ami-04b112e8ba800ec78",
            "block_device_mappings": [
              {
                "device_name": "/dev/xvda",
                "ebs": {
                  "delete_on_termination": "true",
                  "encrypted": "false",
                  "iops": "0",
                  "snapshot_id": "snap-0a2988f84769c225e",
                  "throughput": "0",
                  "volume_size": "8",
                  "volume_type": "gp2"
                },
                "no_device": "",
                "virtual_name": ""
              }
            ],
            "boot_mode": "",
            "creation_date": "2022-03-02T21:09:54.000Z",
            "description": "Amazon Linux 2 AMI 2.0.20220218.1 x86_64 HVM gp2",
            "ena_support": true,
            "executable_users": null,
            "filter": [
              {
                "name": "name",
                "values": [
                  "amzn2-ami-hvm-*"
                ]
              },
              {
                "name": "root-device-type",
                "values": [
                  "ebs"
                ]
              },
              {
                "name": "virtualization-type",
                "values": [
                  "hvm"
                ]
              }
            ],
            "hypervisor": "xen",
            "id": "ami-04b112e8ba800ec78",
            "image_id": "ami-04b112e8ba800ec78",
            "image_location": "amazon/amzn2-ami-hvm-2.0.20220218.1-x86_64-gp2",
            "image_owner_alias": "amazon",
            "image_type": "machine",
            "kernel_id": null,
            "most_recent": true,
            "name": "amzn2-ami-hvm-2.0.20220218.1-x86_64-gp2",
            "name_regex": null,
            "owner_id": "137112412989",
            "owners": [
              "137112412989"
            ],
            "platform": null,
            "platform_details": "Linux/UNIX",
            "product_codes": [],
            "public": true,
            "ramdisk_id": null,
            "root_device_name": "/dev/xvda",
            "root_device_type": "ebs",
            "root_snapshot_id": "snap-0a2988f84769c225e",
            "sriov_net_support": "simple",
            "state": "available",
            "state_reason": {
              "code": "UNSET",
              "message": "UNSET"
            },
            "tags": {},
            "usage_operation": "RunInstances",
            "virtualization_type": "hvm"
          },
          "sensitive_attributes": []
        }
      ]
    },
    {
      "module": "module.ec2_launch_configuration",
      "mode": "data",
      "type": "template_file",
      "name": "ec2_user_data",
      "provider": "provider[\"registry.terraform.io/hashicorp/template\"]",
      "instances": [
        {
          "schema_version": 0,
          "attributes": {
            "filename": null,
            "id": "fad67c004e7d01d71d02bf7bf207e8a7fb345ffc8bf18279d3eebc8c89ee774c",
            "rendered": "#!/bin/bash\n\nyum install docker -y\nsystemctl start docker\nAGENT_1=azure-agent-1\nAGENT_2=azure-agent-2\necho \"==== Starting Agent 1 ====\"\ndocker run -d --name=$AGENT_1 --restart always -e WHERE=aws -e aws=TRUE -e ENV=dev -e ROLE=default -e AZP_AGENT_NAME=aws-dev-$RANDOM -e AZP_TOKEN=kokrk2viu4z7itmdczb4tweaba5n4neqiakev7djc7tex775jnxa -e AZP_URL=https://dev.azure.com/bloomdev -e AZP_POOL=shubham -v /var/run/docker.sock:/var/run/docker.sock emberstack/azure-pipelines-agent\necho \"==== Starting Agent 2 ====\"\ndocker run -d --name=$AGENT_2 --restart always -e WHERE=aws -e aws=TRUE -e ENV=dev -e ROLE=default -e AZP_AGENT_NAME=aws-dev-$RANDOM -e AZP_TOKEN=kokrk2viu4z7itmdczb4tweaba5n4neqiakev7djc7tex775jnxa -e AZP_URL=https://dev.azure.com/bloomdev -e AZP_POOL=shubham -v /var/run/docker.sock:/var/run/docker.sock emberstack/azure-pipelines-agent\necho \"==== Report: Containers Running ====\"\ndocker ps -a --format \"{{.Names}} - OK\"",
            "template": "#!/bin/bash\n\nyum install docker -y\nsystemctl start docker\nAGENT_1=azure-agent-1\nAGENT_2=azure-agent-2\necho \"==== Starting Agent 1 ====\"\ndocker run -d --name=$AGENT_1 --restart always -e WHERE=${cloud} -e ${cloud}=TRUE -e ENV=${environment} -e ROLE=${role} -e AZP_AGENT_NAME=${cloud}-${environment}-$RANDOM -e AZP_TOKEN=${pat} -e AZP_URL=${ado_url} -e AZP_POOL=${pool_name} -v /var/run/docker.sock:/var/run/docker.sock emberstack/azure-pipelines-agent\necho \"==== Starting Agent 2 ====\"\ndocker run -d --name=$AGENT_2 --restart always -e WHERE=${cloud} -e ${cloud}=TRUE -e ENV=${environment} -e ROLE=${role} -e AZP_AGENT_NAME=${cloud}-${environment}-$RANDOM -e AZP_TOKEN=${pat} -e AZP_URL=${ado_url} -e AZP_POOL=${pool_name} -v /var/run/docker.sock:/var/run/docker.sock emberstack/azure-pipelines-agent\necho \"==== Report: Containers Running ====\"\ndocker ps -a --format \"{{.Names}} - OK\"",
            "vars": {
              "ado_url": "https://dev.azure.com/bloomdev",
              "cloud": "aws",
              "environment": "dev",
              "pat": "kokrk2viu4z7itmdczb4tweaba5n4neqiakev7djc7tex775jnxa",
              "pool_name": "shubham",
              "role": "default"
            }
          },
          "sensitive_attributes": []
        }
      ]
    },
    {
      "module": "module.ec2_launch_configuration",
      "mode": "managed",
      "type": "aws_launch_configuration",
      "name": "launch_configuration",
      "provider": "provider[\"registry.terraform.io/hashicorp/aws\"]",
      "instances": [
        {
          "schema_version": 0,
          "attributes": {
            "arn": "arn:aws:autoscaling:ap-southeast-1:714110084624:launchConfiguration:89ff77e4-a973-4179-aca0-1ca02b893134:launchConfigurationName/AzureAgentLCgowQx",
            "associate_public_ip_address": false,
            "ebs_block_device": [],
            "ebs_optimized": false,
            "enable_monitoring": true,
            "ephemeral_block_device": [],
            "iam_instance_profile": "userServiceRoleInstanceProfiletobaa",
            "id": "AzureAgentLCgowQx",
            "image_id": "ami-04b112e8ba800ec78",
            "instance_type": "t2.medium",
            "key_name": "tf",
            "metadata_options": [],
            "name": "AzureAgentLCgowQx",
            "name_prefix": "",
            "placement_tenancy": null,
            "root_block_device": [
              {
                "delete_on_termination": true,
                "encrypted": false,
                "iops": 0,
                "throughput": 0,
                "volume_size": 50,
                "volume_type": ""
              }
            ],
            "security_groups": [
              "sg-0432fe3ef161c6912"
            ],
            "spot_price": "",
            "user_data": null,
            "user_data_base64": "IyEvYmluL2Jhc2gKCnl1bSBpbnN0YWxsIGRvY2tlciAteQpzeXN0ZW1jdGwgc3RhcnQgZG9ja2VyCkFHRU5UXzE9YXp1cmUtYWdlbnQtMQpBR0VOVF8yPWF6dXJlLWFnZW50LTIKZWNobyAiPT09PSBTdGFydGluZyBBZ2VudCAxID09PT0iCmRvY2tlciBydW4gLWQgLS1uYW1lPSRBR0VOVF8xIC0tcmVzdGFydCBhbHdheXMgLWUgV0hFUkU9YXdzIC1lIGF3cz1UUlVFIC1lIEVOVj1kZXYgLWUgUk9MRT1kZWZhdWx0IC1lIEFaUF9BR0VOVF9OQU1FPWF3cy1kZXYtJFJBTkRPTSAtZSBBWlBfVE9LRU49a29rcmsydml1NHo3aXRtZGN6YjR0d2VhYmE1bjRuZXFpYWtldjdkamM3dGV4Nzc1am54YSAtZSBBWlBfVVJMPWh0dHBzOi8vZGV2LmF6dXJlLmNvbS9ibG9vbWRldiAtZSBBWlBfUE9PTD1zaHViaGFtIC12IC92YXIvcnVuL2RvY2tlci5zb2NrOi92YXIvcnVuL2RvY2tlci5zb2NrIGVtYmVyc3RhY2svYXp1cmUtcGlwZWxpbmVzLWFnZW50CmVjaG8gIj09PT0gU3RhcnRpbmcgQWdlbnQgMiA9PT09Igpkb2NrZXIgcnVuIC1kIC0tbmFtZT0kQUdFTlRfMiAtLXJlc3RhcnQgYWx3YXlzIC1lIFdIRVJFPWF3cyAtZSBhd3M9VFJVRSAtZSBFTlY9ZGV2IC1lIFJPTEU9ZGVmYXVsdCAtZSBBWlBfQUdFTlRfTkFNRT1hd3MtZGV2LSRSQU5ET00gLWUgQVpQX1RPS0VOPWtva3JrMnZpdTR6N2l0bWRjemI0dHdlYWJhNW40bmVxaWFrZXY3ZGpjN3RleDc3NWpueGEgLWUgQVpQX1VSTD1odHRwczovL2Rldi5henVyZS5jb20vYmxvb21kZXYgLWUgQVpQX1BPT0w9c2h1YmhhbSAtdiAvdmFyL3J1bi9kb2NrZXIuc29jazovdmFyL3J1bi9kb2NrZXIuc29jayBlbWJlcnN0YWNrL2F6dXJlLXBpcGVsaW5lcy1hZ2VudAplY2hvICI9PT09IFJlcG9ydDogQ29udGFpbmVycyBSdW5uaW5nID09PT0iCmRvY2tlciBwcyAtYSAtLWZvcm1hdCAie3suTmFtZXN9fSAtIE9LIg==",
            "vpc_classic_link_id": "",
            "vpc_classic_link_security_groups": null
          },
          "sensitive_attributes": [],
          "private": "bnVsbA==",
          "dependencies": [
            "module.ec2_launch_configuration.data.aws_ami.amazon2_linux_ami",
            "module.ec2_launch_configuration.data.template_file.ec2_user_data",
            "module.ec2_launch_configuration.random_string.random_str",
            "module.ec2_security_group.aws_security_group.security_group",
            "module.ec2_security_group.random_string.random_str",
            "module.iam_role.aws_iam_role.iam_role",
            "module.iam_role.random_string.random_str",
            "module.instance_profile.aws_iam_instance_profile.instance_profile",
            "module.instance_profile.random_string.random_str"
          ]
        }
      ]
    },
    {
      "module": "module.ec2_launch_configuration",
      "mode": "managed",
      "type": "random_string",
      "name": "random_str",
      "provider": "provider[\"registry.terraform.io/hashicorp/random\"]",
      "instances": [
        {
          "schema_version": 1,
          "attributes": {
            "id": "gowQx",
            "keepers": null,
            "length": 5,
            "lower": true,
            "min_lower": 0,
            "min_numeric": 0,
            "min_special": 0,
            "min_upper": 0,
            "number": false,
            "override_special": null,
            "result": "gowQx",
            "special": false,
            "upper": true
          },
          "sensitive_attributes": [],
          "private": "eyJzY2hlbWFfdmVyc2lvbiI6IjEifQ=="
        }
      ]
    },
    {
      "module": "module.ec2_security_group",
      "mode": "managed",
      "type": "aws_security_group",
      "name": "security_group",
      "provider": "provider[\"registry.terraform.io/hashicorp/aws\"]",
      "instances": [
        {
          "schema_version": 1,
          "attributes": {
            "arn": "arn:aws:ec2:ap-southeast-1:714110084624:security-group/sg-0432fe3ef161c6912",
            "description": "Allow ssh",
            "egress": [],
            "id": "sg-0432fe3ef161c6912",
            "ingress": [],
            "name": "agentsgUGkPN",
            "name_prefix": "",
            "owner_id": "714110084624",
            "revoke_rules_on_delete": false,
            "tags": null,
            "tags_all": {},
            "timeouts": null,
            "vpc_id": "vpc-0ba22efc58b2e5871"
          },
          "sensitive_attributes": [],
          "private": "eyJlMmJmYjczMC1lY2FhLTExZTYtOGY4OC0zNDM2M2JjN2M0YzAiOnsiY3JlYXRlIjo2MDAwMDAwMDAwMDAsImRlbGV0ZSI6OTAwMDAwMDAwMDAwfSwic2NoZW1hX3ZlcnNpb24iOiIxIn0=",
          "dependencies": [
            "module.ec2_security_group.random_string.random_str"
          ]
        }
      ]
    },
    {
      "module": "module.ec2_security_group",
      "mode": "managed",
      "type": "random_string",
      "name": "random_str",
      "provider": "provider[\"registry.terraform.io/hashicorp/random\"]",
      "instances": [
        {
          "schema_version": 1,
          "attributes": {
            "id": "UGkPN",
            "keepers": null,
            "length": 5,
            "lower": true,
            "min_lower": 0,
            "min_numeric": 0,
            "min_special": 0,
            "min_upper": 0,
            "number": false,
            "override_special": null,
            "result": "UGkPN",
            "special": false,
            "upper": true
          },
          "sensitive_attributes": [],
          "private": "eyJzY2hlbWFfdmVyc2lvbiI6IjEifQ=="
        }
      ]
    },
    {
      "module": "module.ec2_security_group_egress",
      "mode": "managed",
      "type": "aws_security_group_rule",
      "name": "sg_egress",
      "provider": "provider[\"registry.terraform.io/hashicorp/aws\"]",
      "instances": [
        {
          "schema_version": 2,
          "attributes": {
            "cidr_blocks": [
              "0.0.0.0/0"
            ],
            "description": null,
            "from_port": 0,
            "id": "sgrule-1245816490",
            "ipv6_cidr_blocks": null,
            "prefix_list_ids": null,
            "protocol": "-1",
            "security_group_id": "sg-0432fe3ef161c6912",
            "self": false,
            "source_security_group_id": null,
            "to_port": 0,
            "type": "egress"
          },
          "sensitive_attributes": [],
          "private": "eyJzY2hlbWFfdmVyc2lvbiI6IjIifQ==",
          "dependencies": [
            "module.ec2_security_group.aws_security_group.security_group",
            "module.ec2_security_group.random_string.random_str"
          ]
        }
      ]
    },
    {
      "module": "module.ec2_security_group_ingress",
      "mode": "managed",
      "type": "aws_security_group_rule",
      "name": "sg_ingress",
      "provider": "provider[\"registry.terraform.io/hashicorp/aws\"]",
      "instances": [
        {
          "schema_version": 2,
          "attributes": {
            "cidr_blocks": [
              "0.0.0.0/0"
            ],
            "description": null,
            "from_port": 22,
            "id": "sgrule-2230885823",
            "ipv6_cidr_blocks": null,
            "prefix_list_ids": null,
            "protocol": "tcp",
            "security_group_id": "sg-0432fe3ef161c6912",
            "self": false,
            "source_security_group_id": null,
            "to_port": 22,
            "type": "ingress"
          },
          "sensitive_attributes": [],
          "private": "eyJzY2hlbWFfdmVyc2lvbiI6IjIifQ==",
          "dependencies": [
            "module.ec2_security_group.aws_security_group.security_group",
            "module.ec2_security_group.random_string.random_str"
          ]
        }
      ]
    },
    {
      "module": "module.iam_policy",
      "mode": "managed",
      "type": "aws_iam_policy",
      "name": "iam_policy",
      "provider": "provider[\"registry.terraform.io/hashicorp/aws\"]",
      "instances": [
        {
          "schema_version": 0,
          "attributes": {
            "arn": "arn:aws:iam::714110084624:policy/userServiceRoleBuildAgentopwoH",
            "description": "",
            "id": "arn:aws:iam::714110084624:policy/userServiceRoleBuildAgentopwoH",
            "name": "userServiceRoleBuildAgentopwoH",
            "name_prefix": null,
            "path": "/",
            "policy": "{\"Statement\":[{\"Action\":[\"ecs:*\",\"logs:*\",\"ecr:*\",\"cloudformation:*\",\"iam:*\",\"ec2:*\",\"eks:*\",\"elasticloadbalancing:*\",\"kms:Get*\",\"kms:List*\",\"kms:Decrypt\",\"kms:Describe*\"],\"Effect\":\"Allow\",\"Resource\":\"*\"}],\"Version\":\"2012-10-17\"}",
            "policy_id": "ANPA2MRCHEYIKWVRSQFRS",
            "tags": null,
            "tags_all": {}
          },
          "sensitive_attributes": [],
          "private": "bnVsbA==",
          "dependencies": [
            "module.iam_policy.random_string.random_str"
          ]
        }
      ]
    },
    {
      "module": "module.iam_policy",
      "mode": "managed",
      "type": "aws_iam_policy_attachment",
      "name": "policy_attachment",
      "provider": "provider[\"registry.terraform.io/hashicorp/aws\"]",
      "instances": [
        {
          "schema_version": 0,
          "attributes": {
            "groups": null,
            "id": "PolicyAttachmentopwoH",
            "name": "PolicyAttachmentopwoH",
            "policy_arn": "arn:aws:iam::714110084624:policy/userServiceRoleBuildAgentopwoH",
            "roles": [
              "userServiceRoleec2uMGwN"
            ],
            "users": null
          },
          "sensitive_attributes": [],
          "private": "bnVsbA==",
          "dependencies": [
            "module.iam_policy.aws_iam_policy.iam_policy",
            "module.iam_policy.random_string.random_str",
            "module.iam_role.aws_iam_role.iam_role",
            "module.iam_role.random_string.random_str"
          ]
        }
      ]
    },
    {
      "module": "module.iam_policy",
      "mode": "managed",
      "type": "random_string",
      "name": "random_str",
      "provider": "provider[\"registry.terraform.io/hashicorp/random\"]",
      "instances": [
        {
          "schema_version": 1,
          "attributes": {
            "id": "opwoH",
            "keepers": null,
            "length": 5,
            "lower": true,
            "min_lower": 0,
            "min_numeric": 0,
            "min_special": 0,
            "min_upper": 0,
            "number": false,
            "override_special": null,
            "result": "opwoH",
            "special": false,
            "upper": true
          },
          "sensitive_attributes": [],
          "private": "eyJzY2hlbWFfdmVyc2lvbiI6IjEifQ=="
        }
      ]
    },
    {
      "module": "module.iam_role",
      "mode": "managed",
      "type": "aws_iam_role",
      "name": "iam_role",
      "provider": "provider[\"registry.terraform.io/hashicorp/aws\"]",
      "instances": [
        {
          "schema_version": 0,
          "attributes": {
            "arn": "arn:aws:iam::714110084624:role/userServiceRoleec2uMGwN",
            "assume_role_policy": "{\"Version\":\"2012-10-17\",\"Statement\":[{\"Sid\":\"\",\"Effect\":\"Allow\",\"Principal\":{\"Service\":\"ec2.amazonaws.com\"},\"Action\":\"sts:AssumeRole\"}]}",
            "create_date": "2022-03-07T06:06:30Z",
            "description": "",
            "force_detach_policies": false,
            "id": "userServiceRoleec2uMGwN",
            "inline_policy": [
              {
                "name": "",
                "policy": ""
              }
            ],
            "managed_policy_arns": [],
            "max_session_duration": 3600,
            "name": "userServiceRoleec2uMGwN",
            "name_prefix": "",
            "path": "/",
            "permissions_boundary": null,
            "tags": null,
            "tags_all": {},
            "unique_id": "AROA2MRCHEYIAS24FNQMB"
          },
          "sensitive_attributes": [],
          "private": "bnVsbA==",
          "dependencies": [
            "module.iam_role.random_string.random_str"
          ]
        }
      ]
    },
    {
      "module": "module.iam_role",
      "mode": "managed",
      "type": "random_string",
      "name": "random_str",
      "provider": "provider[\"registry.terraform.io/hashicorp/random\"]",
      "instances": [
        {
          "schema_version": 1,
          "attributes": {
            "id": "uMGwN",
            "keepers": null,
            "length": 5,
            "lower": true,
            "min_lower": 0,
            "min_numeric": 0,
            "min_special": 0,
            "min_upper": 0,
            "number": false,
            "override_special": null,
            "result": "uMGwN",
            "special": false,
            "upper": true
          },
          "sensitive_attributes": [],
          "private": "eyJzY2hlbWFfdmVyc2lvbiI6IjEifQ=="
        }
      ]
    },
    {
      "module": "module.instance_profile",
      "mode": "managed",
      "type": "aws_iam_instance_profile",
      "name": "instance_profile",
      "provider": "provider[\"registry.terraform.io/hashicorp/aws\"]",
      "instances": [
        {
          "schema_version": 0,
          "attributes": {
            "arn": "arn:aws:iam::714110084624:instance-profile/userServiceRoleInstanceProfiletobaa",
            "create_date": "2022-03-07T06:06:31Z",
            "id": "userServiceRoleInstanceProfiletobaa",
            "name": "userServiceRoleInstanceProfiletobaa",
            "name_prefix": null,
            "path": "/",
            "role": "userServiceRoleec2uMGwN",
            "tags": null,
            "tags_all": {},
            "unique_id": "AIPA2MRCHEYINFNKI4DJQ"
          },
          "sensitive_attributes": [],
          "private": "bnVsbA==",
          "dependencies": [
            "module.iam_role.aws_iam_role.iam_role",
            "module.iam_role.random_string.random_str",
            "module.instance_profile.random_string.random_str"
          ]
        }
      ]
    },
    {
      "module": "module.instance_profile",
      "mode": "managed",
      "type": "random_string",
      "name": "random_str",
      "provider": "provider[\"registry.terraform.io/hashicorp/random\"]",
      "instances": [
        {
          "schema_version": 1,
          "attributes": {
            "id": "tobaa",
            "keepers": null,
            "length": 5,
            "lower": true,
            "min_lower": 0,
            "min_numeric": 0,
            "min_special": 0,
            "min_upper": 0,
            "number": false,
            "override_special": null,
            "result": "tobaa",
            "special": false,
            "upper": true
          },
          "sensitive_attributes": [],
          "private": "eyJzY2hlbWFfdmVyc2lvbiI6IjEifQ=="
        }
      ]
    }
  ]
}
